
Microsoft Visual Studio Solution File, Format Version 12.00
# Visual Studio 2013
VisualStudioVersion = 12.0.40629.0
MinimumVisualStudioVersion = 10.0.40219.1
Project("{FAE04EC0-301F-11D3-BF4B-00C04F79EFBC}") = "PrimeString", "PrimeString.csproj", "{8984FDC9-0CB5-487A-B95A-EA6902D50BE7}"
EndProject
Project("{FAE04EC0-301F-11D3-BF4B-00C04F79EFBC}") = "PrimeStringTests", "..\PrimeStringTests\PrimeStringTests.csproj", "{0C30B72A-DE77-4D4A-854B-8E676AF24047}"
EndProject
Project("{2150E333-8FDC-42A3-9474-1A3956D46DE8}") = ".nuget", ".nuget", "{A099F7BF-D32C-44FA-A789-9B6BE8458026}"
	ProjectSection(SolutionItems) = preProject
		.nuget\packages.config = .nuget\packages.config
	EndProjectSection
EndProject
Global
	GlobalSection(SolutionConfigurationPlatforms) = preSolution
		Debug|Any CPU = Debug|Any CPU
		Release|Any CPU = Release|Any CPU
	EndGlobalSection
	GlobalSection(ProjectConfigurationPlatforms) = postSolution
		{8984FDC9-0CB5-487A-B95A-EA6902D50BE7}.Debug|Any CPU.ActiveCfg = Debug|Any CPU
		{8984FDC9-0CB5-487A-B95A-EA6902D50BE7}.Debug|Any CPU.Build.0 = Debug|Any CPU
		{8984FDC9-0CB5-487A-B95A-EA6902D50BE7}.Release|Any CPU.ActiveCfg = Release|Any CPU
		{8984FDC9-0CB5-487A-B95A-EA6902D50BE7}.Release|Any CPU.Build.0 = Release|Any CPU
		{0C30B72A-DE77-4D4A-854B-8E676AF24047}.Debug|Any CPU.ActiveCfg = Debug|Any CPU
		{0C30B72A-DE77-4D4A-854B-8E676AF24047}.Debug|Any CPU.Build.0 = Debug|Any CPU
		{0C30B72A-DE77-4D4A-854B-8E676AF24047}.Release|Any CPU.ActiveCfg = Release|Any CPU
		{0C30B72A-DE77-4D4A-854B-8E676AF24047}.Release|Any CPU.Build.0 = Release|Any CPU
	EndGlobalSection
	GlobalSection(SolutionProperties) = preSolution
		HideSolutionNode = FALSE
	EndGlobalSection
EndGlobal
